<?xml version="1.0" encoding="utf-8"?>
<Project ToolsVersion="4.0" xmlns="http://schemas.microsoft.com/developer/msbuild/2003">
  <ItemGroup>
    <Filter Include="Source Files">
      <UniqueIdentifier>{4FC737F1-C7A5-4376-A066-2A32D752A2FF}</UniqueIdentifier>
      <Extensions>cpp;c;cc;cxx;def;odl;idl;hpj;bat;asm;asmx</Extensions>
    </Filter>
    <Filter Include="Header Files">
      <UniqueIdentifier>{93995380-89BD-4b04-88EB-625FBE52EBFB}</UniqueIdentifier>
      <Extensions>h;hpp;hxx;hm;inl;inc;xsd</Extensions>
    </Filter>
    <Filter Include="Resource Files">
      <UniqueIdentifier>{67DA6AB6-F800-4c08-8B7A-83BB121AAD01}</UniqueIdentifier>
      <Extensions>rc;ico;cur;bmp;dlg;rc2;rct;bin;rgs;gif;jpg;jpeg;jpe;resx;tiff;tif;png;wav</Extensions>
    </Filter>
  </ItemGroup>
  <ItemGroup>
    <ClCompile Include="agent_data.cpp">
      <Filter>Source Files</Filter>
    </ClCompile>
    <ClCompile Include="AssemblyInfo.cpp">
      <Filter>Source Files</Filter>
    </ClCompile>
    <ClCompile Include="composite_data.cpp">
      <Filter>Source Files</Filter>
    </ClCompile>
    <ClCompile Include="Configuration.cpp">
      <Filter>Source Files</Filter>
    </ClCompile>
    <ClCompile Include="dlgDatabaseList.cpp">
      <Filter>Source Files</Filter>
    </ClCompile>
    <ClCompile Include="dlgServerList.cpp">
      <Filter>Source Files</Filter>
    </ClCompile>
    <ClCompile Include="generic_data.cpp">
      <Filter>Source Files</Filter>
    </ClCompile>
    <ClCompile Include="ListboxHandler.cpp">
      <Filter>Source Files</Filter>
    </ClCompile>
    <ClCompile Include="NoteClass.cpp">
      <Filter>Source Files</Filter>
    </ClCompile>
    <ClCompile Include="NoteClassTable.cpp">
      <Filter>Source Files</Filter>
    </ClCompile>
    <ClCompile Include="NSFAnalyzer.cpp">
      <Filter>Source Files</Filter>
    </ClCompile>
    <ClCompile Include="ScanIterator.cpp">
      <Filter>Source Files</Filter>
    </ClCompile>
    <ClCompile Include="ScanResult.cpp">
      <Filter>Source Files</Filter>
    </ClCompile>
    <ClCompile Include="search_core.cpp">
      <Filter>Source Files</Filter>
    </ClCompile>
    <ClCompile Include="stdafx.cpp">
      <Filter>Source Files</Filter>
    </ClCompile>
    <ClCompile Include="About.cpp">
      <Filter>Header Files</Filter>
    </ClCompile>
  </ItemGroup>
  <ItemGroup>
    <ClInclude Include="About.h">
      <Filter>Header Files</Filter>
    </ClInclude>
    <ClInclude Include="Configuration.h">
      <Filter>Header Files</Filter>
    </ClInclude>
    <ClInclude Include="dlgDatabaseList.h">
      <Filter>Header Files</Filter>
    </ClInclude>
    <ClInclude Include="dlgServerList.h">
      <Filter>Header Files</Filter>
    </ClInclude>
    <ClInclude Include="ListboxHandler.h">
      <Filter>Header Files</Filter>
    </ClInclude>
    <ClInclude Include="NoteClass.h">
      <Filter>Header Files</Filter>
    </ClInclude>
    <ClInclude Include="NoteClassTable.h">
      <Filter>Header Files</Filter>
    </ClInclude>
    <ClInclude Include="NSFAnalyzerForm.h">
      <Filter>Header Files</Filter>
    </ClInclude>
    <ClInclude Include="resource.h">
      <Filter>Header Files</Filter>
    </ClInclude>
    <ClInclude Include="ScanIterator.h">
      <Filter>Header Files</Filter>
    </ClInclude>
    <ClInclude Include="ScanResult.h">
      <Filter>Header Files</Filter>
    </ClInclude>
    <ClInclude Include="search_core.h">
      <Filter>Header Files</Filter>
    </ClInclude>
    <ClInclude Include="stdafx.h">
      <Filter>Header Files</Filter>
    </ClInclude>
  </ItemGroup>
  <ItemGroup>
    <None Include="app.ico">
      <Filter>Resource Files</Filter>
    </None>
    <None Include="glossy-3d-blue-orbs2-113.ico">
      <Filter>Resource Files</Filter>
    </None>
    <None Include="NOTICE.txt" />
    <None Include="readme.rtf" />
    <None Include="license.rtf" />
    <None Include="NOTICE.rtf" />
  </ItemGroup>
  <ItemGroup>
    <ResourceCompile Include="app.rc">
      <Filter>Resource Files</Filter>
    </ResourceCompile>
  </ItemGroup>
  <ItemGroup>
    <EmbeddedResource Include="About.resx">
      <Filter>Resource Files</Filter>
    </EmbeddedResource>
    <EmbeddedResource Include="dlgDatabaseList.resx">
      <Filter>Resource Files</Filter>
    </EmbeddedResource>
    <EmbeddedResource Include="dlgServerList.resx">
      <Filter>Resource Files</Filter>
    </EmbeddedResource>
    <EmbeddedResource Include="NSFAnalyzerForm.resX">
      <Filter>Resource Files</Filter>
    </EmbeddedResource>
  </ItemGroup>
  <ItemGroup>
    <Manifest Include="NSFAnalyzer.manifest" />
  </ItemGroup>
</Project>