<?xml version="1.0" encoding="utf-8"?>
<Project ToolsVersion="4.0" xmlns="http://schemas.microsoft.com/developer/msbuild/2003">
  <ItemGroup>
    <Filter Include="Source Files">
      <UniqueIdentifier>{4FC737F1-C7A5-4376-A066-2A32D752A2FF}</UniqueIdentifier>
      <Extensions>cpp;c;cc;cxx;def;odl;idl;hpj;bat;asm;asmx</Extensions>
    </Filter>
    <Filter Include="Header Files">
      <UniqueIdentifier>{93995380-89BD-4b04-88EB-625FBE52EBFB}</UniqueIdentifier>
      <Extensions>h;hpp;hxx;hm;inl;inc;xsd</Extensions>
    </Filter>
    <Filter Include="Resource Files">
      <UniqueIdentifier>{67DA6AB6-F800-4c08-8B7A-83BB121AAD01}</UniqueIdentifier>
      <Extensions>rc;ico;cur;bmp;dlg;rc2;rct;bin;rgs;gif;jpg;jpeg;jpe;resx;tiff;tif;png;wav</Extensions>
    </Filter>
  </ItemGroup>
  <ItemGroup>
    <ClCompile Include="agentdata.cpp">
      <Filter>Source Files</Filter>
    </ClCompile>
    <ClCompile Include="analyze.cpp">
      <Filter>Source Files</Filter>
    </ClCompile>
    <ClCompile Include="dllmain.cpp">
      <Filter>Source Files</Filter>
    </ClCompile>
    <ClCompile Include="stdafx.cpp">
      <Filter>Source Files</Filter>
    </ClCompile>
    <ClCompile Include="..\nsfanalyzer\About.cpp">
      <Filter>Source Files</Filter>
    </ClCompile>
    <ClCompile Include="..\nsfanalyzer\agent_data.cpp">
      <Filter>Source Files</Filter>
    </ClCompile>
    <ClCompile Include="..\nsfanalyzer\AssemblyInfo.cpp">
      <Filter>Source Files</Filter>
    </ClCompile>
    <ClCompile Include="..\nsfanalyzer\composite_data.cpp">
      <Filter>Source Files</Filter>
    </ClCompile>
    <ClCompile Include="..\nsfanalyzer\Configuration.cpp">
      <Filter>Source Files</Filter>
    </ClCompile>
    <ClCompile Include="..\nsfanalyzer\dlgDatabaseList.cpp">
      <Filter>Source Files</Filter>
    </ClCompile>
    <ClCompile Include="..\nsfanalyzer\dlgServerList.cpp">
      <Filter>Source Files</Filter>
    </ClCompile>
    <ClCompile Include="..\nsfanalyzer\generic_data.cpp">
      <Filter>Source Files</Filter>
    </ClCompile>
    <ClCompile Include="..\nsfanalyzer\ListboxHandler.cpp">
      <Filter>Source Files</Filter>
    </ClCompile>
    <ClCompile Include="..\nsfanalyzer\NoteClass.cpp">
      <Filter>Source Files</Filter>
    </ClCompile>
    <ClCompile Include="..\nsfanalyzer\NoteClassTable.cpp">
      <Filter>Source Files</Filter>
    </ClCompile>
    <ClCompile Include="..\nsfanalyzer\NSFAnalyzer.cpp">
      <Filter>Source Files</Filter>
    </ClCompile>
    <ClCompile Include="..\nsfanalyzer\ScanIterator.cpp">
      <Filter>Source Files</Filter>
    </ClCompile>
    <ClCompile Include="..\nsfanalyzer\ScanResult.cpp">
      <Filter>Source Files</Filter>
    </ClCompile>
    <ClCompile Include="..\nsfanalyzer\search_core.cpp">
      <Filter>Source Files</Filter>
    </ClCompile>
    <ClCompile Include="..\nsfanalyzer\stdafx.cpp">
      <Filter>Source Files</Filter>
    </ClCompile>
  </ItemGroup>
  <ItemGroup>
    <None Include="analyze.def">
      <Filter>Source Files</Filter>
    </None>
    <None Include="debug\BuildLog.htm" />
    <None Include="release\BuildLog.htm" />
    <None Include="..\nsfanalyzer\debug\BuildLog.htm" />
    <None Include="..\nsfanalyzer\release\BuildLog.htm" />
  </ItemGroup>
  <ItemGroup>
    <ClInclude Include="analyze.h">
      <Filter>Header Files</Filter>
    </ClInclude>
    <ClInclude Include="stdafx.h">
      <Filter>Header Files</Filter>
    </ClInclude>
    <ClInclude Include="targetver.h">
      <Filter>Header Files</Filter>
    </ClInclude>
    <ClInclude Include="..\nsfanalyzer\About.h">
      <Filter>Header Files</Filter>
    </ClInclude>
    <ClInclude Include="..\nsfanalyzer\Configuration.h">
      <Filter>Header Files</Filter>
    </ClInclude>
    <ClInclude Include="..\nsfanalyzer\dlgDatabaseList.h">
      <Filter>Header Files</Filter>
    </ClInclude>
    <ClInclude Include="..\nsfanalyzer\dlgServerList.h">
      <Filter>Header Files</Filter>
    </ClInclude>
    <ClInclude Include="..\nsfanalyzer\ListboxHandler.h">
      <Filter>Header Files</Filter>
    </ClInclude>
    <ClInclude Include="..\nsfanalyzer\NoteClass.h">
      <Filter>Header Files</Filter>
    </ClInclude>
    <ClInclude Include="..\nsfanalyzer\NoteClassTable.h">
      <Filter>Header Files</Filter>
    </ClInclude>
    <ClInclude Include="..\nsfanalyzer\NSFAnalyzerForm.h">
      <Filter>Header Files</Filter>
    </ClInclude>
    <ClInclude Include="..\nsfanalyzer\resource.h">
      <Filter>Header Files</Filter>
    </ClInclude>
    <ClInclude Include="..\nsfanalyzer\ScanIterator.h">
      <Filter>Header Files</Filter>
    </ClInclude>
    <ClInclude Include="..\nsfanalyzer\ScanResult.h">
      <Filter>Header Files</Filter>
    </ClInclude>
    <ClInclude Include="..\nsfanalyzer\search_core.h">
      <Filter>Header Files</Filter>
    </ClInclude>
    <ClInclude Include="..\nsfanalyzer\stdafx.h">
      <Filter>Header Files</Filter>
    </ClInclude>
  </ItemGroup>
  <ItemGroup>
    <ResourceCompile Include="debug\Analyze_CAPI_manifest.rc">
      <Filter>Resource Files</Filter>
    </ResourceCompile>
    <ResourceCompile Include="..\nsfanalyzer\app.rc">
      <Filter>Resource Files</Filter>
    </ResourceCompile>
  </ItemGroup>
  <ItemGroup>
    <EmbeddedResource Include="..\nsfanalyzer\About.resx">
      <Filter>Resource Files</Filter>
    </EmbeddedResource>
    <EmbeddedResource Include="..\nsfanalyzer\dlgDatabaseList.resx">
      <Filter>Resource Files</Filter>
    </EmbeddedResource>
    <EmbeddedResource Include="..\nsfanalyzer\dlgServerList.resx">
      <Filter>Resource Files</Filter>
    </EmbeddedResource>
    <EmbeddedResource Include="..\nsfanalyzer\NSFAnalyzerForm.resX">
      <Filter>Resource Files</Filter>
    </EmbeddedResource>
  </ItemGroup>
</Project>